// !$*UTF8*$!
{
	archiveVersion = 1;
	classes = {
	};
	objectVersion = 56;
	objects = {

/* Begin PBXBuildFile section */
		6067793C2B035C1B009691D6 /* SongLevelPopUpView2.swift in Sources */ = {isa = PBXBuildFile; fileRef = 6067793A2B035C1B009691D6 /* SongLevelPopUpView2.swift */; };
		606779432B035C2F009691D6 /* ConnectingView.swift in Sources */ = {isa = PBXBuildFile; fileRef = 6067793E2B035C2F009691D6 /* ConnectingView.swift */; };
		606779442B035C2F009691D6 /* PatternListView.swift in Sources */ = {isa = PBXBuildFile; fileRef = 6067793F2B035C2F009691D6 /* PatternListView.swift */; };
		606779452B035C2F009691D6 /* MainPageView.swift in Sources */ = {isa = PBXBuildFile; fileRef = 606779402B035C2F009691D6 /* MainPageView.swift */; };
		606779462B035C2F009691D6 /* SongsListView.swift in Sources */ = {isa = PBXBuildFile; fileRef = 606779412B035C2F009691D6 /* SongsListView.swift */; };
		606779492B035CBA009691D6 /* FreePlayView.swift in Sources */ = {isa = PBXBuildFile; fileRef = 606779482B035CBA009691D6 /* FreePlayView.swift */; };
		6067794D2B035CF4009691D6 /* RoundedCornerComponent.swift in Sources */ = {isa = PBXBuildFile; fileRef = 6067794B2B035CF4009691D6 /* RoundedCornerComponent.swift */; };
		6067794E2B035CF4009691D6 /* ButtonAnimationComponent.swift in Sources */ = {isa = PBXBuildFile; fileRef = 6067794C2B035CF4009691D6 /* ButtonAnimationComponent.swift */; };
		743E86292B03558F00FB81CE /* RhyplayApp.swift in Sources */ = {isa = PBXBuildFile; fileRef = 743E86282B03558F00FB81CE /* RhyplayApp.swift */; };
		743E862D2B03558F00FB81CE /* Assets.xcassets in Resources */ = {isa = PBXBuildFile; fileRef = 743E862C2B03558F00FB81CE /* Assets.xcassets */; };
		743E86302B03558F00FB81CE /* Preview Assets.xcassets in Resources */ = {isa = PBXBuildFile; fileRef = 743E862F2B03558F00FB81CE /* Preview Assets.xcassets */; };
		743E863A2B03558F00FB81CE /* RhyplayTests.swift in Sources */ = {isa = PBXBuildFile; fileRef = 743E86392B03558F00FB81CE /* RhyplayTests.swift */; };
		743E86442B03558F00FB81CE /* RhyplayUITests.swift in Sources */ = {isa = PBXBuildFile; fileRef = 743E86432B03558F00FB81CE /* RhyplayUITests.swift */; };
		743E86462B03558F00FB81CE /* RhyplayUITestsLaunchTests.swift in Sources */ = {isa = PBXBuildFile; fileRef = 743E86452B03558F00FB81CE /* RhyplayUITestsLaunchTests.swift */; };
/* End PBXBuildFile section */

/* Begin PBXContainerItemProxy section */
		743E86362B03558F00FB81CE /* PBXContainerItemProxy */ = {
			isa = PBXContainerItemProxy;
			containerPortal = 743E861D2B03558F00FB81CE /* Project object */;
			proxyType = 1;
			remoteGlobalIDString = 743E86242B03558F00FB81CE;
			remoteInfo = Rhyplay;
		};
		743E86402B03558F00FB81CE /* PBXContainerItemProxy */ = {
			isa = PBXContainerItemProxy;
			containerPortal = 743E861D2B03558F00FB81CE /* Project object */;
			proxyType = 1;
			remoteGlobalIDString = 743E86242B03558F00FB81CE;
			remoteInfo = Rhyplay;
		};
/* End PBXContainerItemProxy section */

/* Begin PBXFileReference section */
		6067793A2B035C1B009691D6 /* SongLevelPopUpView2.swift */ = {isa = PBXFileReference; fileEncoding = 4; lastKnownFileType = sourcecode.swift; path = SongLevelPopUpView2.swift; sourceTree = "<group>"; };
		6067793E2B035C2F009691D6 /* ConnectingView.swift */ = {isa = PBXFileReference; fileEncoding = 4; lastKnownFileType = sourcecode.swift; path = ConnectingView.swift; sourceTree = "<group>"; };
		6067793F2B035C2F009691D6 /* PatternListView.swift */ = {isa = PBXFileReference; fileEncoding = 4; lastKnownFileType = sourcecode.swift; path = PatternListView.swift; sourceTree = "<group>"; };
		606779402B035C2F009691D6 /* MainPageView.swift */ = {isa = PBXFileReference; fileEncoding = 4; lastKnownFileType = sourcecode.swift; path = MainPageView.swift; sourceTree = "<group>"; };
		606779412B035C2F009691D6 /* SongsListView.swift */ = {isa = PBXFileReference; fileEncoding = 4; lastKnownFileType = sourcecode.swift; path = SongsListView.swift; sourceTree = "<group>"; };
		606779482B035CBA009691D6 /* FreePlayView.swift */ = {isa = PBXFileReference; fileEncoding = 4; lastKnownFileType = sourcecode.swift; path = FreePlayView.swift; sourceTree = "<group>"; };
		6067794B2B035CF4009691D6 /* RoundedCornerComponent.swift */ = {isa = PBXFileReference; fileEncoding = 4; lastKnownFileType = sourcecode.swift; path = RoundedCornerComponent.swift; sourceTree = "<group>"; };
		6067794C2B035CF4009691D6 /* ButtonAnimationComponent.swift */ = {isa = PBXFileReference; fileEncoding = 4; lastKnownFileType = sourcecode.swift; path = ButtonAnimationComponent.swift; sourceTree = "<group>"; };
		743E86252B03558F00FB81CE /* Rhyplay.app */ = {isa = PBXFileReference; explicitFileType = wrapper.application; includeInIndex = 0; path = Rhyplay.app; sourceTree = BUILT_PRODUCTS_DIR; };
		743E86282B03558F00FB81CE /* RhyplayApp.swift */ = {isa = PBXFileReference; lastKnownFileType = sourcecode.swift; path = RhyplayApp.swift; sourceTree = "<group>"; };
		743E862C2B03558F00FB81CE /* Assets.xcassets */ = {isa = PBXFileReference; lastKnownFileType = folder.assetcatalog; path = Assets.xcassets; sourceTree = "<group>"; };
		743E862F2B03558F00FB81CE /* Preview Assets.xcassets */ = {isa = PBXFileReference; lastKnownFileType = folder.assetcatalog; path = "Preview Assets.xcassets"; sourceTree = "<group>"; };
		743E86352B03558F00FB81CE /* RhyplayTests.xctest */ = {isa = PBXFileReference; explicitFileType = wrapper.cfbundle; includeInIndex = 0; path = RhyplayTests.xctest; sourceTree = BUILT_PRODUCTS_DIR; };
		743E86392B03558F00FB81CE /* RhyplayTests.swift */ = {isa = PBXFileReference; lastKnownFileType = sourcecode.swift; path = RhyplayTests.swift; sourceTree = "<group>"; };
		743E863F2B03558F00FB81CE /* RhyplayUITests.xctest */ = {isa = PBXFileReference; explicitFileType = wrapper.cfbundle; includeInIndex = 0; path = RhyplayUITests.xctest; sourceTree = BUILT_PRODUCTS_DIR; };
		743E86432B03558F00FB81CE /* RhyplayUITests.swift */ = {isa = PBXFileReference; lastKnownFileType = sourcecode.swift; path = RhyplayUITests.swift; sourceTree = "<group>"; };
		743E86452B03558F00FB81CE /* RhyplayUITestsLaunchTests.swift */ = {isa = PBXFileReference; lastKnownFileType = sourcecode.swift; path = RhyplayUITestsLaunchTests.swift; sourceTree = "<group>"; };
/* End PBXFileReference section */

/* Begin PBXFrameworksBuildPhase section */
		743E86222B03558F00FB81CE /* Frameworks */ = {
			isa = PBXFrameworksBuildPhase;
			buildActionMask = 2147483647;
			files = (
			);
			runOnlyForDeploymentPostprocessing = 0;
		};
		743E86322B03558F00FB81CE /* Frameworks */ = {
			isa = PBXFrameworksBuildPhase;
			buildActionMask = 2147483647;
			files = (
			);
			runOnlyForDeploymentPostprocessing = 0;
		};
		743E863C2B03558F00FB81CE /* Frameworks */ = {
			isa = PBXFrameworksBuildPhase;
			buildActionMask = 2147483647;
			files = (
			);
			runOnlyForDeploymentPostprocessing = 0;
		};
/* End PBXFrameworksBuildPhase section */

/* Begin PBXGroup section */
		606779362B035BEB009691D6 /* View */ = {
			isa = PBXGroup;
			children = (
				6067793E2B035C2F009691D6 /* ConnectingView.swift */,
				606779402B035C2F009691D6 /* MainPageView.swift */,
				6067793F2B035C2F009691D6 /* PatternListView.swift */,
				606779412B035C2F009691D6 /* SongsListView.swift */,
				606779482B035CBA009691D6 /* FreePlayView.swift */,
				606779372B035BFA009691D6 /* PopUpView */,
			);
			path = View;
			sourceTree = "<group>";
		};
		606779372B035BFA009691D6 /* PopUpView */ = {
			isa = PBXGroup;
			children = (
				6067793A2B035C1B009691D6 /* SongLevelPopUpView2.swift */,
			);
			path = PopUpView;
			sourceTree = "<group>";
		};
		743E861C2B03558F00FB81CE = {
			isa = PBXGroup;
			children = (
				743E86272B03558F00FB81CE /* Rhyplay */,
				743E86382B03558F00FB81CE /* RhyplayTests */,
				743E86422B03558F00FB81CE /* RhyplayUITests */,
				743E86262B03558F00FB81CE /* Products */,
			);
			sourceTree = "<group>";
		};
		743E86262B03558F00FB81CE /* Products */ = {
			isa = PBXGroup;
			children = (
				743E86252B03558F00FB81CE /* Rhyplay.app */,
				743E86352B03558F00FB81CE /* RhyplayTests.xctest */,
				743E863F2B03558F00FB81CE /* RhyplayUITests.xctest */,
			);
			name = Products;
			sourceTree = "<group>";
		};
		743E86272B03558F00FB81CE /* Rhyplay */ = {
			isa = PBXGroup;
			children = (
				743E86282B03558F00FB81CE /* RhyplayApp.swift */,
				743E86522B03640E00FB81CE /* Component */,
				606779362B035BEB009691D6 /* View */,
				743E862C2B03558F00FB81CE /* Assets.xcassets */,
				743E862E2B03558F00FB81CE /* Preview Content */,
			);
			path = Rhyplay;
			sourceTree = "<group>";
		};
		743E862E2B03558F00FB81CE /* Preview Content */ = {
			isa = PBXGroup;
			children = (
				743E862F2B03558F00FB81CE /* Preview Assets.xcassets */,
			);
			path = "Preview Content";
			sourceTree = "<group>";
		};
		743E86382B03558F00FB81CE /* RhyplayTests */ = {
			isa = PBXGroup;
			children = (
				743E86392B03558F00FB81CE /* RhyplayTests.swift */,
			);
			path = RhyplayTests;
			sourceTree = "<group>";
		};
		743E86422B03558F00FB81CE /* RhyplayUITests */ = {
			isa = PBXGroup;
			children = (
				743E86432B03558F00FB81CE /* RhyplayUITests.swift */,
				743E86452B03558F00FB81CE /* RhyplayUITestsLaunchTests.swift */,
			);
			path = RhyplayUITests;
			sourceTree = "<group>";
		};
		743E86522B03640E00FB81CE /* Component */ = {
			isa = PBXGroup;
			children = (
				6067794C2B035CF4009691D6 /* ButtonAnimationComponent.swift */,
				6067794B2B035CF4009691D6 /* RoundedCornerComponent.swift */,
			);
			path = Component;
			sourceTree = "<group>";
		};
/* End PBXGroup section */

/* Begin PBXNativeTarget section */
		743E86242B03558F00FB81CE /* Rhyplay */ = {
			isa = PBXNativeTarget;
			buildConfigurationList = 743E86492B03558F00FB81CE /* Build configuration list for PBXNativeTarget "Rhyplay" */;
			buildPhases = (
				743E86212B03558F00FB81CE /* Sources */,
				743E86222B03558F00FB81CE /* Frameworks */,
				743E86232B03558F00FB81CE /* Resources */,
			);
			buildRules = (
			);
			dependencies = (
			);
			name = Rhyplay;
			productName = Rhyplay;
			productReference = 743E86252B03558F00FB81CE /* Rhyplay.app */;
			productType = "com.apple.product-type.application";
		};
		743E86342B03558F00FB81CE /* RhyplayTests */ = {
			isa = PBXNativeTarget;
			buildConfigurationList = 743E864C2B03558F00FB81CE /* Build configuration list for PBXNativeTarget "RhyplayTests" */;
			buildPhases = (
				743E86312B03558F00FB81CE /* Sources */,
				743E86322B03558F00FB81CE /* Frameworks */,
				743E86332B03558F00FB81CE /* Resources */,
			);
			buildRules = (
			);
			dependencies = (
				743E86372B03558F00FB81CE /* PBXTargetDependency */,
			);
			name = RhyplayTests;
			productName = RhyplayTests;
			productReference = 743E86352B03558F00FB81CE /* RhyplayTests.xctest */;
			productType = "com.apple.product-type.bundle.unit-test";
		};
		743E863E2B03558F00FB81CE /* RhyplayUITests */ = {
			isa = PBXNativeTarget;
			buildConfigurationList = 743E864F2B03558F00FB81CE /* Build configuration list for PBXNativeTarget "RhyplayUITests" */;
			buildPhases = (
				743E863B2B03558F00FB81CE /* Sources */,
				743E863C2B03558F00FB81CE /* Frameworks */,
				743E863D2B03558F00FB81CE /* Resources */,
			);
			buildRules = (
			);
			dependencies = (
				743E86412B03558F00FB81CE /* PBXTargetDependency */,
			);
			name = RhyplayUITests;
			productName = RhyplayUITests;
			productReference = 743E863F2B03558F00FB81CE /* RhyplayUITests.xctest */;
			productType = "com.apple.product-type.bundle.ui-testing";
		};
/* End PBXNativeTarget section */

/* Begin PBXProject section */
		743E861D2B03558F00FB81CE /* Project object */ = {
			isa = PBXProject;
			attributes = {
				BuildIndependentTargetsInParallel = 1;
				LastSwiftUpdateCheck = 1500;
				LastUpgradeCheck = 1500;
				TargetAttributes = {
					743E86242B03558F00FB81CE = {
						CreatedOnToolsVersion = 15.0.1;
					};
					743E86342B03558F00FB81CE = {
						CreatedOnToolsVersion = 15.0.1;
						TestTargetID = 743E86242B03558F00FB81CE;
					};
					743E863E2B03558F00FB81CE = {
						CreatedOnToolsVersion = 15.0.1;
						TestTargetID = 743E86242B03558F00FB81CE;
					};
				};
			};
			buildConfigurationList = 743E86202B03558F00FB81CE /* Build configuration list for PBXProject "Rhyplay" */;
			compatibilityVersion = "Xcode 14.0";
			developmentRegion = en;
			hasScannedForEncodings = 0;
			knownRegions = (
				en,
				Base,
			);
			mainGroup = 743E861C2B03558F00FB81CE;
			productRefGroup = 743E86262B03558F00FB81CE /* Products */;
			projectDirPath = "";
			projectRoot = "";
			targets = (
				743E86242B03558F00FB81CE /* Rhyplay */,
				743E86342B03558F00FB81CE /* RhyplayTests */,
				743E863E2B03558F00FB81CE /* RhyplayUITests */,
			);
		};
/* End PBXProject section */

/* Begin PBXResourcesBuildPhase section */
		743E86232B03558F00FB81CE /* Resources */ = {
			isa = PBXResourcesBuildPhase;
			buildActionMask = 2147483647;
			files = (
				743E86302B03558F00FB81CE /* Preview Assets.xcassets in Resources */,
				743E862D2B03558F00FB81CE /* Assets.xcassets in Resources */,
			);
			runOnlyForDeploymentPostprocessing = 0;
		};
		743E86332B03558F00FB81CE /* Resources */ = {
			isa = PBXResourcesBuildPhase;
			buildActionMask = 2147483647;
			files = (
			);
			runOnlyForDeploymentPostprocessing = 0;
		};
		743E863D2B03558F00FB81CE /* Resources */ = {
			isa = PBXResourcesBuildPhase;
			buildActionMask = 2147483647;
			files = (
			);
			runOnlyForDeploymentPostprocessing = 0;
		};
/* End PBXResourcesBuildPhase section */

/* Begin PBXSourcesBuildPhase section */
		743E86212B03558F00FB81CE /* Sources */ = {
			isa = PBXSourcesBuildPhase;
			buildActionMask = 2147483647;
			files = (
				606779492B035CBA009691D6 /* FreePlayView.swift in Sources */,
				6067793C2B035C1B009691D6 /* SongLevelPopUpView2.swift in Sources */,
				6067794E2B035CF4009691D6 /* ButtonAnimationComponent.swift in Sources */,
				606779452B035C2F009691D6 /* MainPageView.swift in Sources */,
				6067794D2B035CF4009691D6 /* RoundedCornerComponent.swift in Sources */,
				606779462B035C2F009691D6 /* SongsListView.swift in Sources */,
				606779432B035C2F009691D6 /* ConnectingView.swift in Sources */,
				743E86292B03558F00FB81CE /* RhyplayApp.swift in Sources */,
				606779442B035C2F009691D6 /* PatternListView.swift in Sources */,
			);
			runOnlyForDeploymentPostprocessing = 0;
		};
		743E86312B03558F00FB81CE /* Sources */ = {
			isa = PBXSourcesBuildPhase;
			buildActionMask = 2147483647;
			files = (
				743E863A2B03558F00FB81CE /* RhyplayTests.swift in Sources */,
			);
			runOnlyForDeploymentPostprocessing = 0;
		};
		743E863B2B03558F00FB81CE /* Sources */ = {
			isa = PBXSourcesBuildPhase;
			buildActionMask = 2147483647;
			files = (
				743E86462B03558F00FB81CE /* RhyplayUITestsLaunchTests.swift in Sources */,
				743E86442B03558F00FB81CE /* RhyplayUITests.swift in Sources */,
			);
			runOnlyForDeploymentPostprocessing = 0;
		};
/* End PBXSourcesBuildPhase section */

/* Begin PBXTargetDependency section */
		743E86372B03558F00FB81CE /* PBXTargetDependency */ = {
			isa = PBXTargetDependency;
			target = 743E86242B03558F00FB81CE /* Rhyplay */;
			targetProxy = 743E86362B03558F00FB81CE /* PBXContainerItemProxy */;
		};
		743E86412B03558F00FB81CE /* PBXTargetDependency */ = {
			isa = PBXTargetDependency;
			target = 743E86242B03558F00FB81CE /* Rhyplay */;
			targetProxy = 743E86402B03558F00FB81CE /* PBXContainerItemProxy */;
		};
/* End PBXTargetDependency section */

/* Begin XCBuildConfiguration section */
		743E86472B03558F00FB81CE /* Debug */ = {
			isa = XCBuildConfiguration;
			buildSettings = {
				ALWAYS_SEARCH_USER_PATHS = NO;
				ASSETCATALOG_COMPILER_GENERATE_SWIFT_ASSET_SYMBOL_EXTENSIONS = YES;
				CLANG_ANALYZER_NONNULL = YES;
				CLANG_ANALYZER_NUMBER_OBJECT_CONVERSION = YES_AGGRESSIVE;
				CLANG_CXX_LANGUAGE_STANDARD = "gnu++20";
				CLANG_ENABLE_MODULES = YES;
				CLANG_ENABLE_OBJC_ARC = YES;
				CLANG_ENABLE_OBJC_WEAK = YES;
				CLANG_WARN_BLOCK_CAPTURE_AUTORELEASING = YES;
				CLANG_WARN_BOOL_CONVERSION = YES;
				CLANG_WARN_COMMA = YES;
				CLANG_WARN_CONSTANT_CONVERSION = YES;
				CLANG_WARN_DEPRECATED_OBJC_IMPLEMENTATIONS = YES;
				CLANG_WARN_DIRECT_OBJC_ISA_USAGE = YES_ERROR;
				CLANG_WARN_DOCUMENTATION_COMMENTS = YES;
				CLANG_WARN_EMPTY_BODY = YES;
				CLANG_WARN_ENUM_CONVERSION = YES;
				CLANG_WARN_INFINITE_RECURSION = YES;
				CLANG_WARN_INT_CONVERSION = YES;
				CLANG_WARN_NON_LITERAL_NULL_CONVERSION = YES;
				CLANG_WARN_OBJC_IMPLICIT_RETAIN_SELF = YES;
				CLANG_WARN_OBJC_LITERAL_CONVERSION = YES;
				CLANG_WARN_OBJC_ROOT_CLASS = YES_ERROR;
				CLANG_WARN_QUOTED_INCLUDE_IN_FRAMEWORK_HEADER = YES;
				CLANG_WARN_RANGE_LOOP_ANALYSIS = YES;
				CLANG_WARN_STRICT_PROTOTYPES = YES;
				CLANG_WARN_SUSPICIOUS_MOVE = YES;
				CLANG_WARN_UNGUARDED_AVAILABILITY = YES_AGGRESSIVE;
				CLANG_WARN_UNREACHABLE_CODE = YES;
				CLANG_WARN__DUPLICATE_METHOD_MATCH = YES;
				COPY_PHASE_STRIP = NO;
				DEBUG_INFORMATION_FORMAT = dwarf;
				ENABLE_STRICT_OBJC_MSGSEND = YES;
				ENABLE_TESTABILITY = YES;
				ENABLE_USER_SCRIPT_SANDBOXING = YES;
				GCC_C_LANGUAGE_STANDARD = gnu17;
				GCC_DYNAMIC_NO_PIC = NO;
				GCC_NO_COMMON_BLOCKS = YES;
				GCC_OPTIMIZATION_LEVEL = 0;
				GCC_PREPROCESSOR_DEFINITIONS = (
					"DEBUG=1",
					"$(inherited)",
				);
				GCC_WARN_64_TO_32_BIT_CONVERSION = YES;
				GCC_WARN_ABOUT_RETURN_TYPE = YES_ERROR;
				GCC_WARN_UNDECLARED_SELECTOR = YES;
				GCC_WARN_UNINITIALIZED_AUTOS = YES_AGGRESSIVE;
				GCC_WARN_UNUSED_FUNCTION = YES;
				GCC_WARN_UNUSED_VARIABLE = YES;
				IPHONEOS_DEPLOYMENT_TARGET = 17.0;
				LOCALIZATION_PREFERS_STRING_CATALOGS = YES;
				MTL_ENABLE_DEBUG_INFO = INCLUDE_SOURCE;
				MTL_FAST_MATH = YES;
				ONLY_ACTIVE_ARCH = YES;
				SDKROOT = iphoneos;
				SWIFT_ACTIVE_COMPILATION_CONDITIONS = "DEBUG $(inherited)";
				SWIFT_OPTIMIZATION_LEVEL = "-Onone";
			};
			name = Debug;
		};
		743E86482B03558F00FB81CE /* Release */ = {
			isa = XCBuildConfiguration;
			buildSettings = {
				ALWAYS_SEARCH_USER_PATHS = NO;
				ASSETCATALOG_COMPILER_GENERATE_SWIFT_ASSET_SYMBOL_EXTENSIONS = YES;
				CLANG_ANALYZER_NONNULL = YES;
				CLANG_ANALYZER_NUMBER_OBJECT_CONVERSION = YES_AGGRESSIVE;
				CLANG_CXX_LANGUAGE_STANDARD = "gnu++20";
				CLANG_ENABLE_MODULES = YES;
				CLANG_ENABLE_OBJC_ARC = YES;
				CLANG_ENABLE_OBJC_WEAK = YES;
				CLANG_WARN_BLOCK_CAPTURE_AUTORELEASING = YES;
				CLANG_WARN_BOOL_CONVERSION = YES;
				CLANG_WARN_COMMA = YES;
				CLANG_WARN_CONSTANT_CONVERSION = YES;
				CLANG_WARN_DEPRECATED_OBJC_IMPLEMENTATIONS = YES;
				CLANG_WARN_DIRECT_OBJC_ISA_USAGE = YES_ERROR;
				CLANG_WARN_DOCUMENTATION_COMMENTS = YES;
				CLANG_WARN_EMPTY_BODY = YES;
				CLANG_WARN_ENUM_CONVERSION = YES;
				CLANG_WARN_INFINITE_RECURSION = YES;
				CLANG_WARN_INT_CONVERSION = YES;
				CLANG_WARN_NON_LITERAL_NULL_CONVERSION = YES;
				CLANG_WARN_OBJC_IMPLICIT_RETAIN_SELF = YES;
				CLANG_WARN_OBJC_LITERAL_CONVERSION = YES;
				CLANG_WARN_OBJC_ROOT_CLASS = YES_ERROR;
				CLANG_WARN_QUOTED_INCLUDE_IN_FRAMEWORK_HEADER = YES;
				CLANG_WARN_RANGE_LOOP_ANALYSIS = YES;
				CLANG_WARN_STRICT_PROTOTYPES = YES;
				CLANG_WARN_SUSPICIOUS_MOVE = YES;
				CLANG_WARN_UNGUARDED_AVAILABILITY = YES_AGGRESSIVE;
				CLANG_WARN_UNREACHABLE_CODE = YES;
				CLANG_WARN__DUPLICATE_METHOD_MATCH = YES;
				COPY_PHASE_STRIP = NO;
				DEBUG_INFORMATION_FORMAT = "dwarf-with-dsym";
				ENABLE_NS_ASSERTIONS = NO;
				ENABLE_STRICT_OBJC_MSGSEND = YES;
				ENABLE_USER_SCRIPT_SANDBOXING = YES;
				GCC_C_LANGUAGE_STANDARD = gnu17;
				GCC_NO_COMMON_BLOCKS = YES;
				GCC_WARN_64_TO_32_BIT_CONVERSION = YES;
				GCC_WARN_ABOUT_RETURN_TYPE = YES_ERROR;
				GCC_WARN_UNDECLARED_SELECTOR = YES;
				GCC_WARN_UNINITIALIZED_AUTOS = YES_AGGRESSIVE;
				GCC_WARN_UNUSED_FUNCTION = YES;
				GCC_WARN_UNUSED_VARIABLE = YES;
				IPHONEOS_DEPLOYMENT_TARGET = 17.0;
				LOCALIZATION_PREFERS_STRING_CATALOGS = YES;
				MTL_ENABLE_DEBUG_INFO = NO;
				MTL_FAST_MATH = YES;
				SDKROOT = iphoneos;
				SWIFT_COMPILATION_MODE = wholemodule;
				VALIDATE_PRODUCT = YES;
			};
			name = Release;
		};
		743E864A2B03558F00FB81CE /* Debug */ = {
			isa = XCBuildConfiguration;
			buildSettings = {
				ASSETCATALOG_COMPILER_APPICON_NAME = AppIcon;
				ASSETCATALOG_COMPILER_GLOBAL_ACCENT_COLOR_NAME = AccentColor;
				CODE_SIGN_STYLE = Automatic;
				CURRENT_PROJECT_VERSION = 1;
				DEVELOPMENT_ASSET_PATHS = "\"Rhyplay/Preview Content\"";
				DEVELOPMENT_TEAM = MTGV8S7M8J;
				ENABLE_PREVIEWS = YES;
				GENERATE_INFOPLIST_FILE = YES;
				INFOPLIST_KEY_UIApplicationSceneManifest_Generation = YES;
				INFOPLIST_KEY_UIApplicationSupportsIndirectInputEvents = YES;
				INFOPLIST_KEY_UILaunchScreen_Generation = YES;
				INFOPLIST_KEY_UISupportedInterfaceOrientations_iPad = "UIInterfaceOrientationPortrait UIInterfaceOrientationPortraitUpsideDown UIInterfaceOrientationLandscapeLeft UIInterfaceOrientationLandscapeRight";
				INFOPLIST_KEY_UISupportedInterfaceOrientations_iPhone = "UIInterfaceOrientationPortrait UIInterfaceOrientationLandscapeLeft UIInterfaceOrientationLandscapeRight";
				LD_RUNPATH_SEARCH_PATHS = (
					"$(inherited)",
					"@executable_path/Frameworks",
				);
				MARKETING_VERSION = 1.0;
				PRODUCT_BUNDLE_IDENTIFIER = apple.cip.Rhyplay;
				PRODUCT_NAME = "$(TARGET_NAME)";
				SWIFT_EMIT_LOC_STRINGS = YES;
				SWIFT_VERSION = 5.0;
				TARGETED_DEVICE_FAMILY = "1,2";
			};
			name = Debug;
		};
		743E864B2B03558F00FB81CE /* Release */ = {
			isa = XCBuildConfiguration;
			buildSettings = {
				ASSETCATALOG_COMPILER_APPICON_NAME = AppIcon;
				ASSETCATALOG_COMPILER_GLOBAL_ACCENT_COLOR_NAME = AccentColor;
				CODE_SIGN_STYLE = Automatic;
				CURRENT_PROJECT_VERSION = 1;
				DEVELOPMENT_ASSET_PATHS = "\"Rhyplay/Preview Content\"";
				DEVELOPMENT_TEAM = MTGV8S7M8J;
				ENABLE_PREVIEWS = YES;
				GENERATE_INFOPLIST_FILE = YES;
				INFOPLIST_KEY_UIApplicationSceneManifest_Generation = YES;
				INFOPLIST_KEY_UIApplicationSupportsIndirectInputEvents = YES;
				INFOPLIST_KEY_UILaunchScreen_Generation = YES;
				INFOPLIST_KEY_UISupportedInterfaceOrientations_iPad = "UIInterfaceOrientationPortrait UIInterfaceOrientationPortraitUpsideDown UIInterfaceOrientationLandscapeLeft UIInterfaceOrientationLandscapeRight";
				INFOPLIST_KEY_UISupportedInterfaceOrientations_iPhone = "UIInterfaceOrientationPortrait UIInterfaceOrientationLandscapeLeft UIInterfaceOrientationLandscapeRight";
				LD_RUNPATH_SEARCH_PATHS = (
					"$(inherited)",
					"@executable_path/Frameworks",
				);
				MARKETING_VERSION = 1.0;
				PRODUCT_BUNDLE_IDENTIFIER = apple.cip.Rhyplay;
				PRODUCT_NAME = "$(TARGET_NAME)";
				SWIFT_EMIT_LOC_STRINGS = YES;
				SWIFT_VERSION = 5.0;
				TARGETED_DEVICE_FAMILY = "1,2";
			};
			name = Release;
		};
		743E864D2B03558F00FB81CE /* Debug */ = {
			isa = XCBuildConfiguration;
			buildSettings = {
				ALWAYS_EMBED_SWIFT_STANDARD_LIBRARIES = YES;
				BUNDLE_LOADER = "$(TEST_HOST)";
				CODE_SIGN_STYLE = Automatic;
				CURRENT_PROJECT_VERSION = 1;
				DEVELOPMENT_TEAM = MTGV8S7M8J;
				GENERATE_INFOPLIST_FILE = YES;
				IPHONEOS_DEPLOYMENT_TARGET = 17.0;
				MARKETING_VERSION = 1.0;
				PRODUCT_BUNDLE_IDENTIFIER = apple.cip.RhyplayTests;
				PRODUCT_NAME = "$(TARGET_NAME)";
				SWIFT_EMIT_LOC_STRINGS = NO;
				SWIFT_VERSION = 5.0;
				TARGETED_DEVICE_FAMILY = "1,2";
				TEST_HOST = "$(BUILT_PRODUCTS_DIR)/Rhyplay.app/$(BUNDLE_EXECUTABLE_FOLDER_PATH)/Rhyplay";
			};
			name = Debug;
		};
		743E864E2B03558F00FB81CE /* Release */ = {
			isa = XCBuildConfiguration;
			buildSettings = {
				ALWAYS_EMBED_SWIFT_STANDARD_LIBRARIES = YES;
				BUNDLE_LOADER = "$(TEST_HOST)";
				CODE_SIGN_STYLE = Automatic;
				CURRENT_PROJECT_VERSION = 1;
				DEVELOPMENT_TEAM = MTGV8S7M8J;
				GENERATE_INFOPLIST_FILE = YES;
				IPHONEOS_DEPLOYMENT_TARGET = 17.0;
				MARKETING_VERSION = 1.0;
				PRODUCT_BUNDLE_IDENTIFIER = apple.cip.RhyplayTests;
				PRODUCT_NAME = "$(TARGET_NAME)";
				SWIFT_EMIT_LOC_STRINGS = NO;
				SWIFT_VERSION = 5.0;
				TARGETED_DEVICE_FAMILY = "1,2";
				TEST_HOST = "$(BUILT_PRODUCTS_DIR)/Rhyplay.app/$(BUNDLE_EXECUTABLE_FOLDER_PATH)/Rhyplay";
			};
			name = Release;
		};
		743E86502B03558F00FB81CE /* Debug */ = {
			isa = XCBuildConfiguration;
			buildSettings = {
				ALWAYS_EMBED_SWIFT_STANDARD_LIBRARIES = YES;
				CODE_SIGN_STYLE = Automatic;
				CURRENT_PROJECT_VERSION = 1;
				DEVELOPMENT_TEAM = MTGV8S7M8J;
				GENERATE_INFOPLIST_FILE = YES;
				MARKETING_VERSION = 1.0;
				PRODUCT_BUNDLE_IDENTIFIER = apple.cip.RhyplayUITests;
				PRODUCT_NAME = "$(TARGET_NAME)";
				SWIFT_EMIT_LOC_STRINGS = NO;
				SWIFT_VERSION = 5.0;
				TARGETED_DEVICE_FAMILY = "1,2";
				TEST_TARGET_NAME = Rhyplay;
			};
			name = Debug;
		};
		743E86512B03558F00FB81CE /* Release */ = {
			isa = XCBuildConfiguration;
			buildSettings = {
				ALWAYS_EMBED_SWIFT_STANDARD_LIBRARIES = YES;
				CODE_SIGN_STYLE = Automatic;
				CURRENT_PROJECT_VERSION = 1;
				DEVELOPMENT_TEAM = MTGV8S7M8J;
				GENERATE_INFOPLIST_FILE = YES;
				MARKETING_VERSION = 1.0;
				PRODUCT_BUNDLE_IDENTIFIER = apple.cip.RhyplayUITests;
				PRODUCT_NAME = "$(TARGET_NAME)";
				SWIFT_EMIT_LOC_STRINGS = NO;
				SWIFT_VERSION = 5.0;
				TARGETED_DEVICE_FAMILY = "1,2";
				TEST_TARGET_NAME = Rhyplay;
			};
			name = Release;
		};
/* End XCBuildConfiguration section */

/* Begin XCConfigurationList section */
		743E86202B03558F00FB81CE /* Build configuration list for PBXProject "Rhyplay" */ = {
			isa = XCConfigurationList;
			buildConfigurations = (
				743E86472B03558F00FB81CE /* Debug */,
				743E86482B03558F00FB81CE /* Release */,
			);
			defaultConfigurationIsVisible = 0;
			defaultConfigurationName = Release;
		};
		743E86492B03558F00FB81CE /* Build configuration list for PBXNativeTarget "Rhyplay" */ = {
			isa = XCConfigurationList;
			buildConfigurations = (
				743E864A2B03558F00FB81CE /* Debug */,
				743E864B2B03558F00FB81CE /* Release */,
			);
			defaultConfigurationIsVisible = 0;
			defaultConfigurationName = Release;
		};
		743E864C2B03558F00FB81CE /* Build configuration list for PBXNativeTarget "RhyplayTests" */ = {
			isa = XCConfigurationList;
			buildConfigurations = (
				743E864D2B03558F00FB81CE /* Debug */,
				743E864E2B03558F00FB81CE /* Release */,
			);
			defaultConfigurationIsVisible = 0;
			defaultConfigurationName = Release;
		};
		743E864F2B03558F00FB81CE /* Build configuration list for PBXNativeTarget "RhyplayUITests" */ = {
			isa = XCConfigurationList;
			buildConfigurations = (
				743E86502B03558F00FB81CE /* Debug */,
				743E86512B03558F00FB81CE /* Release */,
			);
			defaultConfigurationIsVisible = 0;
			defaultConfigurationName = Release;
		};
/* End XCConfigurationList section */
	};
	rootObject = 743E861D2B03558F00FB81CE /* Project object */;
}
